// !$*UTF8*$!
{
	archiveVersion = 1;
	classes = {
	};
	objectVersion = 56;
	objects = {

/* Begin PBXBuildFile section */
		A760C04F292CEDFF00505EF2 /* Lugia_ColladaMax.DAE in Resources */ = {isa = PBXBuildFile; fileRef = A760C04E292CEDFF00505EF2 /* Lugia_ColladaMax.DAE */; };
		A760C051292CEE0D00505EF2 /* Lugia_OpenCollada.DAE in Resources */ = {isa = PBXBuildFile; fileRef = A760C050292CEE0D00505EF2 /* Lugia_OpenCollada.DAE */; };
		A760C05B292CEE2100505EF2 /* pm0249_00_Eye1Id.png in Resources */ = {isa = PBXBuildFile; fileRef = A760C052292CEE2000505EF2 /* pm0249_00_Eye1Id.png */; };
		A760C05C292CEE2100505EF2 /* pm0249_00_EyeNor.png in Resources */ = {isa = PBXBuildFile; fileRef = A760C053292CEE2000505EF2 /* pm0249_00_EyeNor.png */; };
		A760C05D292CEE2100505EF2 /* pm0249_00_Body2.png in Resources */ = {isa = PBXBuildFile; fileRef = A760C054292CEE2000505EF2 /* pm0249_00_Body2.png */; };
		A760C05E292CEE2100505EF2 /* pm0249_00_Body1.png in Resources */ = {isa = PBXBuildFile; fileRef = A760C055292CEE2000505EF2 /* pm0249_00_Body1.png */; };
		A760C05F292CEE2100505EF2 /* pm0249_00_BodyNor_Alpha.png in Resources */ = {isa = PBXBuildFile; fileRef = A760C056292CEE2000505EF2 /* pm0249_00_BodyNor_Alpha.png */; };
		A760C060292CEE2100505EF2 /* pm0249_00_BodyNor.png in Resources */ = {isa = PBXBuildFile; fileRef = A760C057292CEE2000505EF2 /* pm0249_00_BodyNor.png */; };
		A760C061292CEE2100505EF2 /* pm0249_00_Eye2.png in Resources */ = {isa = PBXBuildFile; fileRef = A760C058292CEE2000505EF2 /* pm0249_00_Eye2.png */; };
		A760C062292CEE2100505EF2 /* pm0249_00_Body1Id.png in Resources */ = {isa = PBXBuildFile; fileRef = A760C059292CEE2000505EF2 /* pm0249_00_Body1Id.png */; };
		A760C063292CEE2100505EF2 /* pm0249_00_Eye1.png in Resources */ = {isa = PBXBuildFile; fileRef = A760C05A292CEE2100505EF2 /* pm0249_00_Eye1.png */; };
		A760C067292CF4E700505EF2 /* 3dView.swift in Sources */ = {isa = PBXBuildFile; fileRef = A760C066292CF4E700505EF2 /* 3dView.swift */; };
		A760C06B292CF64C00505EF2 /* Lugia_ColladaMax.usdz in Resources */ = {isa = PBXBuildFile; fileRef = A760C06A292CF64C00505EF2 /* Lugia_ColladaMax.usdz */; };
		A765C0ED2923E31B00CA85C8 /* ikeaApp.swift in Sources */ = {isa = PBXBuildFile; fileRef = A765C0EC2923E31B00CA85C8 /* ikeaApp.swift */; };
		A765C0EF2923E31B00CA85C8 /* ContentView.swift in Sources */ = {isa = PBXBuildFile; fileRef = A765C0EE2923E31B00CA85C8 /* ContentView.swift */; };
		A765C0F12923E31B00CA85C8 /* Assets.xcassets in Resources */ = {isa = PBXBuildFile; fileRef = A765C0F02923E31B00CA85C8 /* Assets.xcassets */; };
		A765C0F42923E31B00CA85C8 /* Preview Assets.xcassets in Resources */ = {isa = PBXBuildFile; fileRef = A765C0F32923E31B00CA85C8 /* Preview Assets.xcassets */; };
		A765C0FE2923E31C00CA85C8 /* ikeaTests.swift in Sources */ = {isa = PBXBuildFile; fileRef = A765C0FD2923E31C00CA85C8 /* ikeaTests.swift */; };
		A765C1082923E31C00CA85C8 /* ikeaUITests.swift in Sources */ = {isa = PBXBuildFile; fileRef = A765C1072923E31C00CA85C8 /* ikeaUITests.swift */; };
		A765C10A2923E31C00CA85C8 /* ikeaUITestsLaunchTests.swift in Sources */ = {isa = PBXBuildFile; fileRef = A765C1092923E31C00CA85C8 /* ikeaUITestsLaunchTests.swift */; };
		A765C1192923E3FB00CA85C8 /* SettingView.swift in Sources */ = {isa = PBXBuildFile; fileRef = A765C1182923E3FB00CA85C8 /* SettingView.swift */; };
		A765C11B2923EE1F00CA85C8 /* SplashScreen.swift in Sources */ = {isa = PBXBuildFile; fileRef = A765C11A2923EE1F00CA85C8 /* SplashScreen.swift */; };
		A7A2A2E7292E2E6000F4DBB2 /* lugia.m4a in Resources */ = {isa = PBXBuildFile; fileRef = A7A2A2E6292E2E6000F4DBB2 /* lugia.m4a */; };
		A7AAD11D29244FB600FDBCD0 /* SettingStore.swift in Sources */ = {isa = PBXBuildFile; fileRef = A7AAD11C29244FB600FDBCD0 /* SettingStore.swift */; };
		A7AAD1272925408700FDBCD0 /* CodeScanner in Frameworks */ = {isa = PBXBuildFile; productRef = A7AAD1262925408700FDBCD0 /* CodeScanner */; };
		A7AAD128292655E700FDBCD0 /* Assets.xcassets in Resources */ = {isa = PBXBuildFile; fileRef = A765C0F02923E31B00CA85C8 /* Assets.xcassets */; };
		A7AAD129292655E800FDBCD0 /* Assets.xcassets in Resources */ = {isa = PBXBuildFile; fileRef = A765C0F02923E31B00CA85C8 /* Assets.xcassets */; };
		A7AAD12C2926ABA700FDBCD0 /* Product.swift in Sources */ = {isa = PBXBuildFile; fileRef = A7AAD12B2926ABA700FDBCD0 /* Product.swift */; };
		A7AAD12E2926ABB100FDBCD0 /* Database.swift in Sources */ = {isa = PBXBuildFile; fileRef = A7AAD12D2926ABB100FDBCD0 /* Database.swift */; };
		A7AAD1342926CA1D00FDBCD0 /* IkeaModel.swift in Sources */ = {isa = PBXBuildFile; fileRef = A7AAD1332926CA1D00FDBCD0 /* IkeaModel.swift */; };
		A7B57E79292EB9400003C09B /* Raikou.m4a in Resources */ = {isa = PBXBuildFile; fileRef = A7B57E78292EB9400003C09B /* Raikou.m4a */; };
		A7B57E7C292EB95E0003C09B /* entei.m4a in Resources */ = {isa = PBXBuildFile; fileRef = A7B57E7B292EB95E0003C09B /* entei.m4a */; };
		A7B57E7E292EB9650003C09B /* Mew.m4a in Resources */ = {isa = PBXBuildFile; fileRef = A7B57E7D292EB9650003C09B /* Mew.m4a */; };
		A7B57E80292EB96E0003C09B /* Ho-Oh.m4a in Resources */ = {isa = PBXBuildFile; fileRef = A7B57E7F292EB96E0003C09B /* Ho-Oh.m4a */; };
		A7B57E82292EB9800003C09B /* Suicune.m4a in Resources */ = {isa = PBXBuildFile; fileRef = A7B57E81292EB9800003C09B /* Suicune.m4a */; };
		A7BEF244292810D50007C710 /* PopupView.swift in Sources */ = {isa = PBXBuildFile; fileRef = A7BEF243292810D50007C710 /* PopupView.swift */; };
		A7E4B694292CFFDD00F81662 /* Lugia_ColladaMax.scn in Resources */ = {isa = PBXBuildFile; fileRef = A7E4B693292CFFDD00F81662 /* Lugia_ColladaMax.scn */; };
		A7E4B698292D00EC00F81662 /* Mew_ColladaMax.DAE in Resources */ = {isa = PBXBuildFile; fileRef = A7E4B697292D00EC00F81662 /* Mew_ColladaMax.DAE */; };
		A7E4B6AB292D00F900F81662 /* pm0151_00_Body1Id.png in Resources */ = {isa = PBXBuildFile; fileRef = A7E4B699292D00F700F81662 /* pm0151_00_Body1Id.png */; };
		A7E4B6AC292D00F900F81662 /* pm0151_00_BodyNor_Alpha.png in Resources */ = {isa = PBXBuildFile; fileRef = A7E4B69A292D00F700F81662 /* pm0151_00_BodyNor_Alpha.png */; };
		A7E4B6AD292D00F900F81662 /* pm0151_00_Eye2.png in Resources */ = {isa = PBXBuildFile; fileRef = A7E4B69B292D00F700F81662 /* pm0151_00_Eye2.png */; };
		A7E4B6AE292D00F900F81662 /* pm0151_00_BodyNor.png in Resources */ = {isa = PBXBuildFile; fileRef = A7E4B69C292D00F800F81662 /* pm0151_00_BodyNor.png */; };
		A7E4B6AF292D00F900F81662 /* pm0151_00_Mouth2.png in Resources */ = {isa = PBXBuildFile; fileRef = A7E4B69D292D00F800F81662 /* pm0151_00_Mouth2.png */; };
		A7E4B6B0292D00F900F81662 /* pm0151_00_EyeNor_Alpha.png in Resources */ = {isa = PBXBuildFile; fileRef = A7E4B69E292D00F800F81662 /* pm0151_00_EyeNor_Alpha.png */; };
		A7E4B6B1292D00F900F81662 /* pm0151_00_EyeNor.png in Resources */ = {isa = PBXBuildFile; fileRef = A7E4B69F292D00F800F81662 /* pm0151_00_EyeNor.png */; };
		A7E4B6B2292D00F900F81662 /* pm0151_00_Eye1.png in Resources */ = {isa = PBXBuildFile; fileRef = A7E4B6A0292D00F800F81662 /* pm0151_00_Eye1.png */; };
		A7E4B6B3292D00F900F81662 /* pm0151_00_Body1.png in Resources */ = {isa = PBXBuildFile; fileRef = A7E4B6A1292D00F800F81662 /* pm0151_00_Body1.png */; };
		A7E4B6B4292D00F900F81662 /* pm0151_00_Iris1.png in Resources */ = {isa = PBXBuildFile; fileRef = A7E4B6A2292D00F800F81662 /* pm0151_00_Iris1.png */; };
		A7E4B6B5292D00F900F81662 /* pm0151_00_MouthNor.png in Resources */ = {isa = PBXBuildFile; fileRef = A7E4B6A3292D00F800F81662 /* pm0151_00_MouthNor.png */; };
		A7E4B6B6292D00F900F81662 /* pm0151_00_Mouth1Id.png in Resources */ = {isa = PBXBuildFile; fileRef = A7E4B6A4292D00F800F81662 /* pm0151_00_Mouth1Id.png */; };
		A7E4B6B7292D00F900F81662 /* pm0151_00_Body2.png in Resources */ = {isa = PBXBuildFile; fileRef = A7E4B6A5292D00F800F81662 /* pm0151_00_Body2.png */; };
		A7E4B6B8292D00F900F81662 /* pm0151_00_Eye1Id.png in Resources */ = {isa = PBXBuildFile; fileRef = A7E4B6A6292D00F800F81662 /* pm0151_00_Eye1Id.png */; };
		A7E4B6B9292D00F900F81662 /* pm0151_00_Iris2.png in Resources */ = {isa = PBXBuildFile; fileRef = A7E4B6A7292D00F800F81662 /* pm0151_00_Iris2.png */; };
		A7E4B6BA292D00F900F81662 /* pm0151_00_Eye1_Merged.png in Resources */ = {isa = PBXBuildFile; fileRef = A7E4B6A8292D00F800F81662 /* pm0151_00_Eye1_Merged.png */; };
		A7E4B6BB292D00F900F81662 /* pm0151_00_Iris1Id.png in Resources */ = {isa = PBXBuildFile; fileRef = A7E4B6A9292D00F800F81662 /* pm0151_00_Iris1Id.png */; };
		A7E4B6BC292D00F900F81662 /* pm0151_00_Mouth1.png in Resources */ = {isa = PBXBuildFile; fileRef = A7E4B6AA292D00F800F81662 /* pm0151_00_Mouth1.png */; };
		A7E4B6BE292D015900F81662 /* Mew_ColladaMax.scn in Resources */ = {isa = PBXBuildFile; fileRef = A7E4B6BD292D015900F81662 /* Mew_ColladaMax.scn */; };
		A7E4B6C3292D08A500F81662 /* suicune.dae in Resources */ = {isa = PBXBuildFile; fileRef = A7E4B6C2292D08A500F81662 /* suicune.dae */; };
		A7E4B6CD292D08AF00F81662 /* Eye1_0.png in Resources */ = {isa = PBXBuildFile; fileRef = A7E4B6C4292D08AE00F81662 /* Eye1_0.png */; };
		A7E4B6CE292D08AF00F81662 /* pm0245_00_BodyANor.png in Resources */ = {isa = PBXBuildFile; fileRef = A7E4B6C5292D08AE00F81662 /* pm0245_00_BodyANor.png */; };
		A7E4B6CF292D08AF00F81662 /* pm0245_00_BodyB2.png in Resources */ = {isa = PBXBuildFile; fileRef = A7E4B6C6292D08AE00F81662 /* pm0245_00_BodyB2.png */; };
		A7E4B6D0292D08AF00F81662 /* pm0245_00_BodyA2.png in Resources */ = {isa = PBXBuildFile; fileRef = A7E4B6C7292D08AE00F81662 /* pm0245_00_BodyA2.png */; };
		A7E4B6D1292D08AF00F81662 /* pm0245_00_BodyBNor.png in Resources */ = {isa = PBXBuildFile; fileRef = A7E4B6C8292D08AE00F81662 /* pm0245_00_BodyBNor.png */; };
		A7E4B6D2292D08AF00F81662 /* BodyA1_0.png in Resources */ = {isa = PBXBuildFile; fileRef = A7E4B6C9292D08AF00F81662 /* BodyA1_0.png */; };
		A7E4B6D3292D08AF00F81662 /* pm0245_00_EyeNor.png in Resources */ = {isa = PBXBuildFile; fileRef = A7E4B6CA292D08AF00F81662 /* pm0245_00_EyeNor.png */; };
		A7E4B6D4292D08AF00F81662 /* BodyB1_0.png in Resources */ = {isa = PBXBuildFile; fileRef = A7E4B6CB292D08AF00F81662 /* BodyB1_0.png */; };
		A7E4B6D5292D08AF00F81662 /* pm0245_00_Eye2.png in Resources */ = {isa = PBXBuildFile; fileRef = A7E4B6CC292D08AF00F81662 /* pm0245_00_Eye2.png */; };
		A7E4B6D9292D090200F81662 /* suicune.scn in Resources */ = {isa = PBXBuildFile; fileRef = A7E4B6D8292D090200F81662 /* suicune.scn */; };
		A7E4B6DB292D094900F81662 /* Raikou_ColladaMax.DAE in Resources */ = {isa = PBXBuildFile; fileRef = A7E4B6DA292D094900F81662 /* Raikou_ColladaMax.DAE */; };
		A7E4B6E8292D095500F81662 /* pm0243_00_BodyB2.png in Resources */ = {isa = PBXBuildFile; fileRef = A7E4B6DC292D095400F81662 /* pm0243_00_BodyB2.png */; };
		A7E4B6E9292D095500F81662 /* pm0243_00_BodyANor.png in Resources */ = {isa = PBXBuildFile; fileRef = A7E4B6DD292D095400F81662 /* pm0243_00_BodyANor.png */; };
		A7E4B6EA292D095500F81662 /* pm0243_00_Eye2.png in Resources */ = {isa = PBXBuildFile; fileRef = A7E4B6DE292D095400F81662 /* pm0243_00_Eye2.png */; };
		A7E4B6EB292D095500F81662 /* pm0243_00_BodyA1Id.png in Resources */ = {isa = PBXBuildFile; fileRef = A7E4B6DF292D095400F81662 /* pm0243_00_BodyA1Id.png */; };
		A7E4B6EC292D095500F81662 /* pm0243_00_BodyB1.png in Resources */ = {isa = PBXBuildFile; fileRef = A7E4B6E0292D095400F81662 /* pm0243_00_BodyB1.png */; };
		A7E4B6ED292D095500F81662 /* pm0243_00_BodyB1Id.png in Resources */ = {isa = PBXBuildFile; fileRef = A7E4B6E1292D095400F81662 /* pm0243_00_BodyB1Id.png */; };
		A7E4B6EE292D095500F81662 /* pm0243_00_BodyBNor.png in Resources */ = {isa = PBXBuildFile; fileRef = A7E4B6E2292D095400F81662 /* pm0243_00_BodyBNor.png */; };
		A7E4B6EF292D095500F81662 /* pm0243_00_BodyA1.png in Resources */ = {isa = PBXBuildFile; fileRef = A7E4B6E3292D095400F81662 /* pm0243_00_BodyA1.png */; };
		A7E4B6F0292D095500F81662 /* pm0243_00_Eye1.png in Resources */ = {isa = PBXBuildFile; fileRef = A7E4B6E4292D095400F81662 /* pm0243_00_Eye1.png */; };
		A7E4B6F1292D095500F81662 /* pm0243_00_Eye1Id.png in Resources */ = {isa = PBXBuildFile; fileRef = A7E4B6E5292D095500F81662 /* pm0243_00_Eye1Id.png */; };
		A7E4B6F2292D095500F81662 /* pm0243_00_EyeNor.png in Resources */ = {isa = PBXBuildFile; fileRef = A7E4B6E6292D095500F81662 /* pm0243_00_EyeNor.png */; };
		A7E4B6F3292D095500F81662 /* pm0243_00_BodyA2.png in Resources */ = {isa = PBXBuildFile; fileRef = A7E4B6E7292D095500F81662 /* pm0243_00_BodyA2.png */; };
		A7E4B6F5292D096A00F81662 /* Entei_ColladaMax.DAE in Resources */ = {isa = PBXBuildFile; fileRef = A7E4B6F4292D096A00F81662 /* Entei_ColladaMax.DAE */; };
		A7E4B703292D097500F81662 /* pm0244_00_BodyANor.png in Resources */ = {isa = PBXBuildFile; fileRef = A7E4B6F6292D097400F81662 /* pm0244_00_BodyANor.png */; };
		A7E4B704292D097500F81662 /* pm0244_00_EyeNor.png in Resources */ = {isa = PBXBuildFile; fileRef = A7E4B6F7292D097400F81662 /* pm0244_00_EyeNor.png */; };
		A7E4B705292D097500F81662 /* pm0244_00_BodyA1.png in Resources */ = {isa = PBXBuildFile; fileRef = A7E4B6F8292D097400F81662 /* pm0244_00_BodyA1.png */; };
		A7E4B706292D097500F81662 /* pm0244_00_BodyB1.png in Resources */ = {isa = PBXBuildFile; fileRef = A7E4B6F9292D097400F81662 /* pm0244_00_BodyB1.png */; };
		A7E4B707292D097500F81662 /* pm0244_00_BodyBNutrey_Env.png in Resources */ = {isa = PBXBuildFile; fileRef = A7E4B6FA292D097400F81662 /* pm0244_00_BodyBNutrey_Env.png */; };
		A7E4B708292D097500F81662 /* pm0244_00_BodyB2.png in Resources */ = {isa = PBXBuildFile; fileRef = A7E4B6FB292D097400F81662 /* pm0244_00_BodyB2.png */; };
		A7E4B709292D097500F81662 /* pm0244_00_BodyBNor.png in Resources */ = {isa = PBXBuildFile; fileRef = A7E4B6FC292D097400F81662 /* pm0244_00_BodyBNor.png */; };
		A7E4B70A292D097500F81662 /* pm0244_00_Eye2.png in Resources */ = {isa = PBXBuildFile; fileRef = A7E4B6FD292D097400F81662 /* pm0244_00_Eye2.png */; };
		A7E4B70B292D097500F81662 /* pm0244_00_BodyA1Id.png in Resources */ = {isa = PBXBuildFile; fileRef = A7E4B6FE292D097500F81662 /* pm0244_00_BodyA1Id.png */; };
		A7E4B70C292D097500F81662 /* pm0244_00_BodyA2.png in Resources */ = {isa = PBXBuildFile; fileRef = A7E4B6FF292D097500F81662 /* pm0244_00_BodyA2.png */; };
		A7E4B70D292D097500F81662 /* pm0244_00_Eye1Id.png in Resources */ = {isa = PBXBuildFile; fileRef = A7E4B700292D097500F81662 /* pm0244_00_Eye1Id.png */; };
		A7E4B70E292D097500F81662 /* pm0244_00_Eye1.png in Resources */ = {isa = PBXBuildFile; fileRef = A7E4B701292D097500F81662 /* pm0244_00_Eye1.png */; };
		A7E4B70F292D097500F81662 /* pm0244_00_BodyB1Id.png in Resources */ = {isa = PBXBuildFile; fileRef = A7E4B702292D097500F81662 /* pm0244_00_BodyB1Id.png */; };
		A7E4B711292D099000F81662 /* entei.scn in Resources */ = {isa = PBXBuildFile; fileRef = A7E4B710292D099000F81662 /* entei.scn */; };
		A7E4B713292D099A00F81662 /* raikou.scn in Resources */ = {isa = PBXBuildFile; fileRef = A7E4B712292D099A00F81662 /* raikou.scn */; };
		A7E4B716292D0DBE00F81662 /* Ho-Oh_ColladaMax.DAE in Resources */ = {isa = PBXBuildFile; fileRef = A7E4B715292D0DBE00F81662 /* Ho-Oh_ColladaMax.DAE */; };
		A7E4B727292D0DC700F81662 /* pm0250_00_EyeNor.png in Resources */ = {isa = PBXBuildFile; fileRef = A7E4B717292D0DC600F81662 /* pm0250_00_EyeNor.png */; };
		A7E4B728292D0DC700F81662 /* pm0250_00_BodyA1Id.png in Resources */ = {isa = PBXBuildFile; fileRef = A7E4B718292D0DC600F81662 /* pm0250_00_BodyA1Id.png */; };
		A7E4B729292D0DC700F81662 /* pm0250_00_Eye1.png in Resources */ = {isa = PBXBuildFile; fileRef = A7E4B719292D0DC600F81662 /* pm0250_00_Eye1.png */; };
		A7E4B72A292D0DC700F81662 /* pm0250_00_BodyC2.png in Resources */ = {isa = PBXBuildFile; fileRef = A7E4B71A292D0DC600F81662 /* pm0250_00_BodyC2.png */; };
		A7E4B72B292D0DC700F81662 /* pm0250_00_BodyC1.png in Resources */ = {isa = PBXBuildFile; fileRef = A7E4B71B292D0DC600F81662 /* pm0250_00_BodyC1.png */; };
		A7E4B72C292D0DC700F81662 /* pm0250_00_BodyANor.png in Resources */ = {isa = PBXBuildFile; fileRef = A7E4B71C292D0DC600F81662 /* pm0250_00_BodyANor.png */; };
		A7E4B72D292D0DC700F81662 /* pm0250_00_BodyA2.png in Resources */ = {isa = PBXBuildFile; fileRef = A7E4B71D292D0DC600F81662 /* pm0250_00_BodyA2.png */; };
		A7E4B72E292D0DC700F81662 /* pm0250_00_BodyB1.png in Resources */ = {isa = PBXBuildFile; fileRef = A7E4B71E292D0DC600F81662 /* pm0250_00_BodyB1.png */; };
		A7E4B72F292D0DC700F81662 /* pm0250_00_BodyB2.png in Resources */ = {isa = PBXBuildFile; fileRef = A7E4B71F292D0DC600F81662 /* pm0250_00_BodyB2.png */; };
		A7E4B730292D0DC700F81662 /* pm0250_00_BodyC1Id.png in Resources */ = {isa = PBXBuildFile; fileRef = A7E4B720292D0DC600F81662 /* pm0250_00_BodyC1Id.png */; };
		A7E4B731292D0DC700F81662 /* pm0250_00_Eye1Id.png in Resources */ = {isa = PBXBuildFile; fileRef = A7E4B721292D0DC600F81662 /* pm0250_00_Eye1Id.png */; };
		A7E4B732292D0DC700F81662 /* pm0250_00_Eye2.png in Resources */ = {isa = PBXBuildFile; fileRef = A7E4B722292D0DC700F81662 /* pm0250_00_Eye2.png */; };
		A7E4B733292D0DC700F81662 /* pm0250_00_BodyBNor.png in Resources */ = {isa = PBXBuildFile; fileRef = A7E4B723292D0DC700F81662 /* pm0250_00_BodyBNor.png */; };
		A7E4B734292D0DC700F81662 /* pm0250_00_BodyA1.png in Resources */ = {isa = PBXBuildFile; fileRef = A7E4B724292D0DC700F81662 /* pm0250_00_BodyA1.png */; };
		A7E4B735292D0DC700F81662 /* pm0250_00_BodyB1Id.png in Resources */ = {isa = PBXBuildFile; fileRef = A7E4B725292D0DC700F81662 /* pm0250_00_BodyB1Id.png */; };
		A7E4B736292D0DC700F81662 /* pm0250_00_BodyCNor.png in Resources */ = {isa = PBXBuildFile; fileRef = A7E4B726292D0DC700F81662 /* pm0250_00_BodyCNor.png */; };
		A7E4B738292D0DDD00F81662 /* Ho-Oh.scn in Resources */ = {isa = PBXBuildFile; fileRef = A7E4B737292D0DDD00F81662 /* Ho-Oh.scn */; };
/* End PBXBuildFile section */

/* Begin PBXContainerItemProxy section */
		A765C0FA2923E31C00CA85C8 /* PBXContainerItemProxy */ = {
			isa = PBXContainerItemProxy;
			containerPortal = A765C0E12923E31B00CA85C8 /* Project object */;
			proxyType = 1;
			remoteGlobalIDString = A765C0E82923E31B00CA85C8;
			remoteInfo = ikea;
		};
		A765C1042923E31C00CA85C8 /* PBXContainerItemProxy */ = {
			isa = PBXContainerItemProxy;
			containerPortal = A765C0E12923E31B00CA85C8 /* Project object */;
			proxyType = 1;
			remoteGlobalIDString = A765C0E82923E31B00CA85C8;
			remoteInfo = ikea;
		};
/* End PBXContainerItemProxy section */

/* Begin PBXFileReference section */
		A760C04E292CEDFF00505EF2 /* Lugia_ColladaMax.DAE */ = {isa = PBXFileReference; fileEncoding = 4; lastKnownFileType = text.xml.dae; path = Lugia_ColladaMax.DAE; sourceTree = "<group>"; };
		A760C050292CEE0D00505EF2 /* Lugia_OpenCollada.DAE */ = {isa = PBXFileReference; fileEncoding = 4; lastKnownFileType = text.xml.dae; path = Lugia_OpenCollada.DAE; sourceTree = "<group>"; };
		A760C052292CEE2000505EF2 /* pm0249_00_Eye1Id.png */ = {isa = PBXFileReference; lastKnownFileType = image.png; path = pm0249_00_Eye1Id.png; sourceTree = "<group>"; };
		A760C053292CEE2000505EF2 /* pm0249_00_EyeNor.png */ = {isa = PBXFileReference; lastKnownFileType = image.png; path = pm0249_00_EyeNor.png; sourceTree = "<group>"; };
		A760C054292CEE2000505EF2 /* pm0249_00_Body2.png */ = {isa = PBXFileReference; lastKnownFileType = image.png; path = pm0249_00_Body2.png; sourceTree = "<group>"; };
		A760C055292CEE2000505EF2 /* pm0249_00_Body1.png */ = {isa = PBXFileReference; lastKnownFileType = image.png; path = pm0249_00_Body1.png; sourceTree = "<group>"; };
		A760C056292CEE2000505EF2 /* pm0249_00_BodyNor_Alpha.png */ = {isa = PBXFileReference; lastKnownFileType = image.png; path = pm0249_00_BodyNor_Alpha.png; sourceTree = "<group>"; };
		A760C057292CEE2000505EF2 /* pm0249_00_BodyNor.png */ = {isa = PBXFileReference; lastKnownFileType = image.png; path = pm0249_00_BodyNor.png; sourceTree = "<group>"; };
		A760C058292CEE2000505EF2 /* pm0249_00_Eye2.png */ = {isa = PBXFileReference; lastKnownFileType = image.png; path = pm0249_00_Eye2.png; sourceTree = "<group>"; };
		A760C059292CEE2000505EF2 /* pm0249_00_Body1Id.png */ = {isa = PBXFileReference; lastKnownFileType = image.png; path = pm0249_00_Body1Id.png; sourceTree = "<group>"; };
		A760C05A292CEE2100505EF2 /* pm0249_00_Eye1.png */ = {isa = PBXFileReference; lastKnownFileType = image.png; path = pm0249_00_Eye1.png; sourceTree = "<group>"; };
		A760C066292CF4E700505EF2 /* 3dView.swift */ = {isa = PBXFileReference; lastKnownFileType = sourcecode.swift; path = 3dView.swift; sourceTree = "<group>"; };
		A760C06A292CF64C00505EF2 /* Lugia_ColladaMax.usdz */ = {isa = PBXFileReference; lastKnownFileType = file.usdz; path = Lugia_ColladaMax.usdz; sourceTree = "<group>"; };
		A765C0E92923E31B00CA85C8 /* ikea.app */ = {isa = PBXFileReference; explicitFileType = wrapper.application; includeInIndex = 0; path = ikea.app; sourceTree = BUILT_PRODUCTS_DIR; };
		A765C0EC2923E31B00CA85C8 /* ikeaApp.swift */ = {isa = PBXFileReference; lastKnownFileType = sourcecode.swift; path = ikeaApp.swift; sourceTree = "<group>"; };
		A765C0EE2923E31B00CA85C8 /* ContentView.swift */ = {isa = PBXFileReference; lastKnownFileType = sourcecode.swift; path = ContentView.swift; sourceTree = "<group>"; };
		A765C0F02923E31B00CA85C8 /* Assets.xcassets */ = {isa = PBXFileReference; lastKnownFileType = folder.assetcatalog; path = Assets.xcassets; sourceTree = "<group>"; };
		A765C0F32923E31B00CA85C8 /* Preview Assets.xcassets */ = {isa = PBXFileReference; lastKnownFileType = folder.assetcatalog; path = "Preview Assets.xcassets"; sourceTree = "<group>"; };
		A765C0F92923E31C00CA85C8 /* ikeaTests.xctest */ = {isa = PBXFileReference; explicitFileType = wrapper.cfbundle; includeInIndex = 0; path = ikeaTests.xctest; sourceTree = BUILT_PRODUCTS_DIR; };
		A765C0FD2923E31C00CA85C8 /* ikeaTests.swift */ = {isa = PBXFileReference; lastKnownFileType = sourcecode.swift; path = ikeaTests.swift; sourceTree = "<group>"; };
		A765C1032923E31C00CA85C8 /* ikeaUITests.xctest */ = {isa = PBXFileReference; explicitFileType = wrapper.cfbundle; includeInIndex = 0; path = ikeaUITests.xctest; sourceTree = BUILT_PRODUCTS_DIR; };
		A765C1072923E31C00CA85C8 /* ikeaUITests.swift */ = {isa = PBXFileReference; lastKnownFileType = sourcecode.swift; path = ikeaUITests.swift; sourceTree = "<group>"; };
		A765C1092923E31C00CA85C8 /* ikeaUITestsLaunchTests.swift */ = {isa = PBXFileReference; lastKnownFileType = sourcecode.swift; path = ikeaUITestsLaunchTests.swift; sourceTree = "<group>"; };
		A765C1182923E3FB00CA85C8 /* SettingView.swift */ = {isa = PBXFileReference; lastKnownFileType = sourcecode.swift; path = SettingView.swift; sourceTree = "<group>"; };
		A765C11A2923EE1F00CA85C8 /* SplashScreen.swift */ = {isa = PBXFileReference; lastKnownFileType = sourcecode.swift; path = SplashScreen.swift; sourceTree = "<group>"; };
		A7A2A2E6292E2E6000F4DBB2 /* lugia.m4a */ = {isa = PBXFileReference; lastKnownFileType = file; path = lugia.m4a; sourceTree = "<group>"; };
		A7AAD11C29244FB600FDBCD0 /* SettingStore.swift */ = {isa = PBXFileReference; lastKnownFileType = sourcecode.swift; path = SettingStore.swift; sourceTree = "<group>"; };
		A7AAD11E29252F9600FDBCD0 /* Info.plist */ = {isa = PBXFileReference; lastKnownFileType = text.plist; path = Info.plist; sourceTree = "<group>"; };
		A7AAD12B2926ABA700FDBCD0 /* Product.swift */ = {isa = PBXFileReference; lastKnownFileType = sourcecode.swift; path = Product.swift; sourceTree = "<group>"; };
		A7AAD12D2926ABB100FDBCD0 /* Database.swift */ = {isa = PBXFileReference; lastKnownFileType = sourcecode.swift; path = Database.swift; sourceTree = "<group>"; };
		A7AAD1332926CA1D00FDBCD0 /* IkeaModel.swift */ = {isa = PBXFileReference; lastKnownFileType = sourcecode.swift; path = IkeaModel.swift; sourceTree = "<group>"; };
		A7B57E78292EB9400003C09B /* Raikou.m4a */ = {isa = PBXFileReference; lastKnownFileType = file; path = Raikou.m4a; sourceTree = "<group>"; };
		A7B57E7B292EB95E0003C09B /* entei.m4a */ = {isa = PBXFileReference; lastKnownFileType = file; path = entei.m4a; sourceTree = "<group>"; };
		A7B57E7D292EB9650003C09B /* Mew.m4a */ = {isa = PBXFileReference; lastKnownFileType = file; path = Mew.m4a; sourceTree = "<group>"; };
		A7B57E7F292EB96E0003C09B /* Ho-Oh.m4a */ = {isa = PBXFileReference; lastKnownFileType = file; path = "Ho-Oh.m4a"; sourceTree = "<group>"; };
		A7B57E81292EB9800003C09B /* Suicune.m4a */ = {isa = PBXFileReference; lastKnownFileType = file; path = Suicune.m4a; sourceTree = "<group>"; };
		A7BEF243292810D50007C710 /* PopupView.swift */ = {isa = PBXFileReference; lastKnownFileType = sourcecode.swift; path = PopupView.swift; sourceTree = "<group>"; };
		A7E4B693292CFFDD00F81662 /* Lugia_ColladaMax.scn */ = {isa = PBXFileReference; lastKnownFileType = file.bplist; path = Lugia_ColladaMax.scn; sourceTree = "<group>"; };
		A7E4B697292D00EC00F81662 /* Mew_ColladaMax.DAE */ = {isa = PBXFileReference; fileEncoding = 4; lastKnownFileType = text.xml.dae; path = Mew_ColladaMax.DAE; sourceTree = "<group>"; };
		A7E4B699292D00F700F81662 /* pm0151_00_Body1Id.png */ = {isa = PBXFileReference; lastKnownFileType = image.png; path = pm0151_00_Body1Id.png; sourceTree = "<group>"; };
		A7E4B69A292D00F700F81662 /* pm0151_00_BodyNor_Alpha.png */ = {isa = PBXFileReference; lastKnownFileType = image.png; path = pm0151_00_BodyNor_Alpha.png; sourceTree = "<group>"; };
		A7E4B69B292D00F700F81662 /* pm0151_00_Eye2.png */ = {isa = PBXFileReference; lastKnownFileType = image.png; path = pm0151_00_Eye2.png; sourceTree = "<group>"; };
		A7E4B69C292D00F800F81662 /* pm0151_00_BodyNor.png */ = {isa = PBXFileReference; lastKnownFileType = image.png; path = pm0151_00_BodyNor.png; sourceTree = "<group>"; };
		A7E4B69D292D00F800F81662 /* pm0151_00_Mouth2.png */ = {isa = PBXFileReference; lastKnownFileType = image.png; path = pm0151_00_Mouth2.png; sourceTree = "<group>"; };
		A7E4B69E292D00F800F81662 /* pm0151_00_EyeNor_Alpha.png */ = {isa = PBXFileReference; lastKnownFileType = image.png; path = pm0151_00_EyeNor_Alpha.png; sourceTree = "<group>"; };
		A7E4B69F292D00F800F81662 /* pm0151_00_EyeNor.png */ = {isa = PBXFileReference; lastKnownFileType = image.png; path = pm0151_00_EyeNor.png; sourceTree = "<group>"; };
		A7E4B6A0292D00F800F81662 /* pm0151_00_Eye1.png */ = {isa = PBXFileReference; lastKnownFileType = image.png; path = pm0151_00_Eye1.png; sourceTree = "<group>"; };
		A7E4B6A1292D00F800F81662 /* pm0151_00_Body1.png */ = {isa = PBXFileReference; lastKnownFileType = image.png; path = pm0151_00_Body1.png; sourceTree = "<group>"; };
		A7E4B6A2292D00F800F81662 /* pm0151_00_Iris1.png */ = {isa = PBXFileReference; lastKnownFileType = image.png; path = pm0151_00_Iris1.png; sourceTree = "<group>"; };
		A7E4B6A3292D00F800F81662 /* pm0151_00_MouthNor.png */ = {isa = PBXFileReference; lastKnownFileType = image.png; path = pm0151_00_MouthNor.png; sourceTree = "<group>"; };
		A7E4B6A4292D00F800F81662 /* pm0151_00_Mouth1Id.png */ = {isa = PBXFileReference; lastKnownFileType = image.png; path = pm0151_00_Mouth1Id.png; sourceTree = "<group>"; };
		A7E4B6A5292D00F800F81662 /* pm0151_00_Body2.png */ = {isa = PBXFileReference; lastKnownFileType = image.png; path = pm0151_00_Body2.png; sourceTree = "<group>"; };
		A7E4B6A6292D00F800F81662 /* pm0151_00_Eye1Id.png */ = {isa = PBXFileReference; lastKnownFileType = image.png; path = pm0151_00_Eye1Id.png; sourceTree = "<group>"; };
		A7E4B6A7292D00F800F81662 /* pm0151_00_Iris2.png */ = {isa = PBXFileReference; lastKnownFileType = image.png; path = pm0151_00_Iris2.png; sourceTree = "<group>"; };
		A7E4B6A8292D00F800F81662 /* pm0151_00_Eye1_Merged.png */ = {isa = PBXFileReference; lastKnownFileType = image.png; path = pm0151_00_Eye1_Merged.png; sourceTree = "<group>"; };
		A7E4B6A9292D00F800F81662 /* pm0151_00_Iris1Id.png */ = {isa = PBXFileReference; lastKnownFileType = image.png; path = pm0151_00_Iris1Id.png; sourceTree = "<group>"; };
		A7E4B6AA292D00F800F81662 /* pm0151_00_Mouth1.png */ = {isa = PBXFileReference; lastKnownFileType = image.png; path = pm0151_00_Mouth1.png; sourceTree = "<group>"; };
		A7E4B6BD292D015900F81662 /* Mew_ColladaMax.scn */ = {isa = PBXFileReference; lastKnownFileType = file.bplist; path = Mew_ColladaMax.scn; sourceTree = "<group>"; };
		A7E4B6C2292D08A500F81662 /* suicune.dae */ = {isa = PBXFileReference; fileEncoding = 4; lastKnownFileType = text.xml.dae; name = suicune.dae; path = /Users/mischio/Documents/GitHub/Ikea/ikea/View/3dAssets/Suicune/suicune.dae; sourceTree = "<absolute>"; };
		A7E4B6C4292D08AE00F81662 /* Eye1_0.png */ = {isa = PBXFileReference; lastKnownFileType = image.png; path = Eye1_0.png; sourceTree = "<group>"; };
		A7E4B6C5292D08AE00F81662 /* pm0245_00_BodyANor.png */ = {isa = PBXFileReference; lastKnownFileType = image.png; path = pm0245_00_BodyANor.png; sourceTree = "<group>"; };
		A7E4B6C6292D08AE00F81662 /* pm0245_00_BodyB2.png */ = {isa = PBXFileReference; lastKnownFileType = image.png; path = pm0245_00_BodyB2.png; sourceTree = "<group>"; };
		A7E4B6C7292D08AE00F81662 /* pm0245_00_BodyA2.png */ = {isa = PBXFileReference; lastKnownFileType = image.png; path = pm0245_00_BodyA2.png; sourceTree = "<group>"; };
		A7E4B6C8292D08AE00F81662 /* pm0245_00_BodyBNor.png */ = {isa = PBXFileReference; lastKnownFileType = image.png; path = pm0245_00_BodyBNor.png; sourceTree = "<group>"; };
		A7E4B6C9292D08AF00F81662 /* BodyA1_0.png */ = {isa = PBXFileReference; lastKnownFileType = image.png; path = BodyA1_0.png; sourceTree = "<group>"; };
		A7E4B6CA292D08AF00F81662 /* pm0245_00_EyeNor.png */ = {isa = PBXFileReference; lastKnownFileType = image.png; path = pm0245_00_EyeNor.png; sourceTree = "<group>"; };
		A7E4B6CB292D08AF00F81662 /* BodyB1_0.png */ = {isa = PBXFileReference; lastKnownFileType = image.png; path = BodyB1_0.png; sourceTree = "<group>"; };
		A7E4B6CC292D08AF00F81662 /* pm0245_00_Eye2.png */ = {isa = PBXFileReference; lastKnownFileType = image.png; path = pm0245_00_Eye2.png; sourceTree = "<group>"; };
		A7E4B6D8292D090200F81662 /* suicune.scn */ = {isa = PBXFileReference; lastKnownFileType = file.bplist; path = suicune.scn; sourceTree = "<group>"; };
		A7E4B6DA292D094900F81662 /* Raikou_ColladaMax.DAE */ = {isa = PBXFileReference; fileEncoding = 4; lastKnownFileType = text.xml.dae; path = Raikou_ColladaMax.DAE; sourceTree = "<group>"; };
		A7E4B6DC292D095400F81662 /* pm0243_00_BodyB2.png */ = {isa = PBXFileReference; lastKnownFileType = image.png; path = pm0243_00_BodyB2.png; sourceTree = "<group>"; };
		A7E4B6DD292D095400F81662 /* pm0243_00_BodyANor.png */ = {isa = PBXFileReference; lastKnownFileType = image.png; path = pm0243_00_BodyANor.png; sourceTree = "<group>"; };
		A7E4B6DE292D095400F81662 /* pm0243_00_Eye2.png */ = {isa = PBXFileReference; lastKnownFileType = image.png; path = pm0243_00_Eye2.png; sourceTree = "<group>"; };
		A7E4B6DF292D095400F81662 /* pm0243_00_BodyA1Id.png */ = {isa = PBXFileReference; lastKnownFileType = image.png; path = pm0243_00_BodyA1Id.png; sourceTree = "<group>"; };
		A7E4B6E0292D095400F81662 /* pm0243_00_BodyB1.png */ = {isa = PBXFileReference; lastKnownFileType = image.png; path = pm0243_00_BodyB1.png; sourceTree = "<group>"; };
		A7E4B6E1292D095400F81662 /* pm0243_00_BodyB1Id.png */ = {isa = PBXFileReference; lastKnownFileType = image.png; path = pm0243_00_BodyB1Id.png; sourceTree = "<group>"; };
		A7E4B6E2292D095400F81662 /* pm0243_00_BodyBNor.png */ = {isa = PBXFileReference; lastKnownFileType = image.png; path = pm0243_00_BodyBNor.png; sourceTree = "<group>"; };
		A7E4B6E3292D095400F81662 /* pm0243_00_BodyA1.png */ = {isa = PBXFileReference; lastKnownFileType = image.png; path = pm0243_00_BodyA1.png; sourceTree = "<group>"; };
		A7E4B6E4292D095400F81662 /* pm0243_00_Eye1.png */ = {isa = PBXFileReference; lastKnownFileType = image.png; path = pm0243_00_Eye1.png; sourceTree = "<group>"; };
		A7E4B6E5292D095500F81662 /* pm0243_00_Eye1Id.png */ = {isa = PBXFileReference; lastKnownFileType = image.png; path = pm0243_00_Eye1Id.png; sourceTree = "<group>"; };
		A7E4B6E6292D095500F81662 /* pm0243_00_EyeNor.png */ = {isa = PBXFileReference; lastKnownFileType = image.png; path = pm0243_00_EyeNor.png; sourceTree = "<group>"; };
		A7E4B6E7292D095500F81662 /* pm0243_00_BodyA2.png */ = {isa = PBXFileReference; lastKnownFileType = image.png; path = pm0243_00_BodyA2.png; sourceTree = "<group>"; };
		A7E4B6F4292D096A00F81662 /* Entei_ColladaMax.DAE */ = {isa = PBXFileReference; fileEncoding = 4; lastKnownFileType = text.xml.dae; path = Entei_ColladaMax.DAE; sourceTree = "<group>"; };
		A7E4B6F6292D097400F81662 /* pm0244_00_BodyANor.png */ = {isa = PBXFileReference; lastKnownFileType = image.png; path = pm0244_00_BodyANor.png; sourceTree = "<group>"; };
		A7E4B6F7292D097400F81662 /* pm0244_00_EyeNor.png */ = {isa = PBXFileReference; lastKnownFileType = image.png; path = pm0244_00_EyeNor.png; sourceTree = "<group>"; };
		A7E4B6F8292D097400F81662 /* pm0244_00_BodyA1.png */ = {isa = PBXFileReference; lastKnownFileType = image.png; path = pm0244_00_BodyA1.png; sourceTree = "<group>"; };
		A7E4B6F9292D097400F81662 /* pm0244_00_BodyB1.png */ = {isa = PBXFileReference; lastKnownFileType = image.png; path = pm0244_00_BodyB1.png; sourceTree = "<group>"; };
		A7E4B6FA292D097400F81662 /* pm0244_00_BodyBNutrey_Env.png */ = {isa = PBXFileReference; lastKnownFileType = image.png; path = pm0244_00_BodyBNutrey_Env.png; sourceTree = "<group>"; };
		A7E4B6FB292D097400F81662 /* pm0244_00_BodyB2.png */ = {isa = PBXFileReference; lastKnownFileType = image.png; path = pm0244_00_BodyB2.png; sourceTree = "<group>"; };
		A7E4B6FC292D097400F81662 /* pm0244_00_BodyBNor.png */ = {isa = PBXFileReference; lastKnownFileType = image.png; path = pm0244_00_BodyBNor.png; sourceTree = "<group>"; };
		A7E4B6FD292D097400F81662 /* pm0244_00_Eye2.png */ = {isa = PBXFileReference; lastKnownFileType = image.png; path = pm0244_00_Eye2.png; sourceTree = "<group>"; };
		A7E4B6FE292D097500F81662 /* pm0244_00_BodyA1Id.png */ = {isa = PBXFileReference; lastKnownFileType = image.png; path = pm0244_00_BodyA1Id.png; sourceTree = "<group>"; };
		A7E4B6FF292D097500F81662 /* pm0244_00_BodyA2.png */ = {isa = PBXFileReference; lastKnownFileType = image.png; path = pm0244_00_BodyA2.png; sourceTree = "<group>"; };
		A7E4B700292D097500F81662 /* pm0244_00_Eye1Id.png */ = {isa = PBXFileReference; lastKnownFileType = image.png; path = pm0244_00_Eye1Id.png; sourceTree = "<group>"; };
		A7E4B701292D097500F81662 /* pm0244_00_Eye1.png */ = {isa = PBXFileReference; lastKnownFileType = image.png; path = pm0244_00_Eye1.png; sourceTree = "<group>"; };
		A7E4B702292D097500F81662 /* pm0244_00_BodyB1Id.png */ = {isa = PBXFileReference; lastKnownFileType = image.png; path = pm0244_00_BodyB1Id.png; sourceTree = "<group>"; };
		A7E4B710292D099000F81662 /* entei.scn */ = {isa = PBXFileReference; lastKnownFileType = file.bplist; path = entei.scn; sourceTree = "<group>"; };
		A7E4B712292D099A00F81662 /* raikou.scn */ = {isa = PBXFileReference; lastKnownFileType = file.bplist; path = raikou.scn; sourceTree = "<group>"; };
		A7E4B715292D0DBE00F81662 /* Ho-Oh_ColladaMax.DAE */ = {isa = PBXFileReference; fileEncoding = 4; lastKnownFileType = text.xml.dae; path = "Ho-Oh_ColladaMax.DAE"; sourceTree = "<group>"; };
		A7E4B717292D0DC600F81662 /* pm0250_00_EyeNor.png */ = {isa = PBXFileReference; lastKnownFileType = image.png; path = pm0250_00_EyeNor.png; sourceTree = "<group>"; };
		A7E4B718292D0DC600F81662 /* pm0250_00_BodyA1Id.png */ = {isa = PBXFileReference; lastKnownFileType = image.png; path = pm0250_00_BodyA1Id.png; sourceTree = "<group>"; };
		A7E4B719292D0DC600F81662 /* pm0250_00_Eye1.png */ = {isa = PBXFileReference; lastKnownFileType = image.png; path = pm0250_00_Eye1.png; sourceTree = "<group>"; };
		A7E4B71A292D0DC600F81662 /* pm0250_00_BodyC2.png */ = {isa = PBXFileReference; lastKnownFileType = image.png; path = pm0250_00_BodyC2.png; sourceTree = "<group>"; };
		A7E4B71B292D0DC600F81662 /* pm0250_00_BodyC1.png */ = {isa = PBXFileReference; lastKnownFileType = image.png; path = pm0250_00_BodyC1.png; sourceTree = "<group>"; };
		A7E4B71C292D0DC600F81662 /* pm0250_00_BodyANor.png */ = {isa = PBXFileReference; lastKnownFileType = image.png; path = pm0250_00_BodyANor.png; sourceTree = "<group>"; };
		A7E4B71D292D0DC600F81662 /* pm0250_00_BodyA2.png */ = {isa = PBXFileReference; lastKnownFileType = image.png; path = pm0250_00_BodyA2.png; sourceTree = "<group>"; };
		A7E4B71E292D0DC600F81662 /* pm0250_00_BodyB1.png */ = {isa = PBXFileReference; lastKnownFileType = image.png; path = pm0250_00_BodyB1.png; sourceTree = "<group>"; };
		A7E4B71F292D0DC600F81662 /* pm0250_00_BodyB2.png */ = {isa = PBXFileReference; lastKnownFileType = image.png; path = pm0250_00_BodyB2.png; sourceTree = "<group>"; };
		A7E4B720292D0DC600F81662 /* pm0250_00_BodyC1Id.png */ = {isa = PBXFileReference; lastKnownFileType = image.png; path = pm0250_00_BodyC1Id.png; sourceTree = "<group>"; };
		A7E4B721292D0DC600F81662 /* pm0250_00_Eye1Id.png */ = {isa = PBXFileReference; lastKnownFileType = image.png; path = pm0250_00_Eye1Id.png; sourceTree = "<group>"; };
		A7E4B722292D0DC700F81662 /* pm0250_00_Eye2.png */ = {isa = PBXFileReference; lastKnownFileType = image.png; path = pm0250_00_Eye2.png; sourceTree = "<group>"; };
		A7E4B723292D0DC700F81662 /* pm0250_00_BodyBNor.png */ = {isa = PBXFileReference; lastKnownFileType = image.png; path = pm0250_00_BodyBNor.png; sourceTree = "<group>"; };
		A7E4B724292D0DC700F81662 /* pm0250_00_BodyA1.png */ = {isa = PBXFileReference; lastKnownFileType = image.png; path = pm0250_00_BodyA1.png; sourceTree = "<group>"; };
		A7E4B725292D0DC700F81662 /* pm0250_00_BodyB1Id.png */ = {isa = PBXFileReference; lastKnownFileType = image.png; path = pm0250_00_BodyB1Id.png; sourceTree = "<group>"; };
		A7E4B726292D0DC700F81662 /* pm0250_00_BodyCNor.png */ = {isa = PBXFileReference; lastKnownFileType = image.png; path = pm0250_00_BodyCNor.png; sourceTree = "<group>"; };
		A7E4B737292D0DDD00F81662 /* Ho-Oh.scn */ = {isa = PBXFileReference; lastKnownFileType = file.bplist; path = "Ho-Oh.scn"; sourceTree = "<group>"; };
/* End PBXFileReference section */

/* Begin PBXFrameworksBuildPhase section */
		A765C0E62923E31B00CA85C8 /* Frameworks */ = {
			isa = PBXFrameworksBuildPhase;
			buildActionMask = 2147483647;
			files = (
				A7AAD1272925408700FDBCD0 /* CodeScanner in Frameworks */,
			);
			runOnlyForDeploymentPostprocessing = 0;
		};
		A765C0F62923E31C00CA85C8 /* Frameworks */ = {
			isa = PBXFrameworksBuildPhase;
			buildActionMask = 2147483647;
			files = (
			);
			runOnlyForDeploymentPostprocessing = 0;
		};
		A765C1002923E31C00CA85C8 /* Frameworks */ = {
			isa = PBXFrameworksBuildPhase;
			buildActionMask = 2147483647;
			files = (
			);
			runOnlyForDeploymentPostprocessing = 0;
		};
/* End PBXFrameworksBuildPhase section */

/* Begin PBXGroup section */
		A760C04D292CEDDB00505EF2 /* 3dAssets */ = {
			isa = PBXGroup;
			children = (
				A7E4B714292D0D8900F81662 /* Oh-Oh */,
				A7E4B6C1292D087500F81662 /* Raikou */,
				A7E4B6C0292D087000F81662 /* Suicune */,
				A7E4B6BF292D086100F81662 /* Entei */,
				A7E4B696292D00C700F81662 /* Mew */,
				A7E4B695292D00B700F81662 /* Lugia */,
			);
			path = 3dAssets;
			sourceTree = "<group>";
		};
		A765C0E02923E31B00CA85C8 = {
			isa = PBXGroup;
			children = (
				A765C0EB2923E31B00CA85C8 /* ikea */,
				A765C0FC2923E31C00CA85C8 /* ikeaTests */,
				A765C1062923E31C00CA85C8 /* ikeaUITests */,
				A765C0EA2923E31B00CA85C8 /* Products */,
			);
			sourceTree = "<group>";
		};
		A765C0EA2923E31B00CA85C8 /* Products */ = {
			isa = PBXGroup;
			children = (
				A765C0E92923E31B00CA85C8 /* ikea.app */,
				A765C0F92923E31C00CA85C8 /* ikeaTests.xctest */,
				A765C1032923E31C00CA85C8 /* ikeaUITests.xctest */,
			);
			name = Products;
			sourceTree = "<group>";
		};
		A765C0EB2923E31B00CA85C8 /* ikea */ = {
			isa = PBXGroup;
			children = (
				A765C0F02923E31B00CA85C8 /* Assets.xcassets */,
				A7AAD12A2926AB9900FDBCD0 /* Model */,
				A7AAD11E29252F9600FDBCD0 /* Info.plist */,
				A765C0EC2923E31B00CA85C8 /* ikeaApp.swift */,
				A7AAD11C29244FB600FDBCD0 /* SettingStore.swift */,
				A7AAD11B29244A2800FDBCD0 /* View */,
				A765C0F22923E31B00CA85C8 /* Preview Content */,
			);
			path = ikea;
			sourceTree = "<group>";
		};
		A765C0F22923E31B00CA85C8 /* Preview Content */ = {
			isa = PBXGroup;
			children = (
				A765C0F32923E31B00CA85C8 /* Preview Assets.xcassets */,
			);
			path = "Preview Content";
			sourceTree = "<group>";
		};
		A765C0FC2923E31C00CA85C8 /* ikeaTests */ = {
			isa = PBXGroup;
			children = (
				A765C0FD2923E31C00CA85C8 /* ikeaTests.swift */,
			);
			path = ikeaTests;
			sourceTree = "<group>";
		};
		A765C1062923E31C00CA85C8 /* ikeaUITests */ = {
			isa = PBXGroup;
			children = (
				A765C1072923E31C00CA85C8 /* ikeaUITests.swift */,
				A765C1092923E31C00CA85C8 /* ikeaUITestsLaunchTests.swift */,
			);
			path = ikeaUITests;
			sourceTree = "<group>";
		};
		A7A2A2E5292E2E2D00F4DBB2 /* Sound */ = {
			isa = PBXGroup;
			children = (
				A7A2A2E6292E2E6000F4DBB2 /* lugia.m4a */,
				A7B57E7B292EB95E0003C09B /* entei.m4a */,
				A7B57E7D292EB9650003C09B /* Mew.m4a */,
				A7B57E81292EB9800003C09B /* Suicune.m4a */,
				A7B57E7F292EB96E0003C09B /* Ho-Oh.m4a */,
				A7B57E78292EB9400003C09B /* Raikou.m4a */,
			);
			path = Sound;
			sourceTree = "<group>";
		};
		A7AAD11B29244A2800FDBCD0 /* View */ = {
			isa = PBXGroup;
			children = (
				A7A2A2E5292E2E2D00F4DBB2 /* Sound */,
				A765C0EE2923E31B00CA85C8 /* ContentView.swift */,
				A760C066292CF4E700505EF2 /* 3dView.swift */,
				A765C11A2923EE1F00CA85C8 /* SplashScreen.swift */,
				A765C1182923E3FB00CA85C8 /* SettingView.swift */,
				A7BEF243292810D50007C710 /* PopupView.swift */,
				A760C04D292CEDDB00505EF2 /* 3dAssets */,
			);
			path = View;
			sourceTree = "<group>";
		};
		A7AAD12A2926AB9900FDBCD0 /* Model */ = {
			isa = PBXGroup;
			children = (
				A7AAD12B2926ABA700FDBCD0 /* Product.swift */,
				A7AAD12D2926ABB100FDBCD0 /* Database.swift */,
				A7AAD1332926CA1D00FDBCD0 /* IkeaModel.swift */,
			);
			path = Model;
			sourceTree = "<group>";
		};
		A7E4B695292D00B700F81662 /* Lugia */ = {
			isa = PBXGroup;
			children = (
				A760C04E292CEDFF00505EF2 /* Lugia_ColladaMax.DAE */,
				A7E4B693292CFFDD00F81662 /* Lugia_ColladaMax.scn */,
				A760C050292CEE0D00505EF2 /* Lugia_OpenCollada.DAE */,
				A760C06A292CF64C00505EF2 /* Lugia_ColladaMax.usdz */,
				A760C059292CEE2000505EF2 /* pm0249_00_Body1Id.png */,
				A760C055292CEE2000505EF2 /* pm0249_00_Body1.png */,
				A760C054292CEE2000505EF2 /* pm0249_00_Body2.png */,
				A760C056292CEE2000505EF2 /* pm0249_00_BodyNor_Alpha.png */,
				A760C057292CEE2000505EF2 /* pm0249_00_BodyNor.png */,
				A760C05A292CEE2100505EF2 /* pm0249_00_Eye1.png */,
				A760C052292CEE2000505EF2 /* pm0249_00_Eye1Id.png */,
				A760C058292CEE2000505EF2 /* pm0249_00_Eye2.png */,
				A760C053292CEE2000505EF2 /* pm0249_00_EyeNor.png */,
			);
			path = Lugia;
			sourceTree = "<group>";
		};
		A7E4B696292D00C700F81662 /* Mew */ = {
			isa = PBXGroup;
			children = (
				A7E4B697292D00EC00F81662 /* Mew_ColladaMax.DAE */,
				A7E4B6BD292D015900F81662 /* Mew_ColladaMax.scn */,
				A7E4B6A1292D00F800F81662 /* pm0151_00_Body1.png */,
				A7E4B699292D00F700F81662 /* pm0151_00_Body1Id.png */,
				A7E4B6A5292D00F800F81662 /* pm0151_00_Body2.png */,
				A7E4B69A292D00F700F81662 /* pm0151_00_BodyNor_Alpha.png */,
				A7E4B69C292D00F800F81662 /* pm0151_00_BodyNor.png */,
				A7E4B6A8292D00F800F81662 /* pm0151_00_Eye1_Merged.png */,
				A7E4B6A0292D00F800F81662 /* pm0151_00_Eye1.png */,
				A7E4B6A6292D00F800F81662 /* pm0151_00_Eye1Id.png */,
				A7E4B69B292D00F700F81662 /* pm0151_00_Eye2.png */,
				A7E4B69E292D00F800F81662 /* pm0151_00_EyeNor_Alpha.png */,
				A7E4B69F292D00F800F81662 /* pm0151_00_EyeNor.png */,
				A7E4B6A2292D00F800F81662 /* pm0151_00_Iris1.png */,
				A7E4B6A9292D00F800F81662 /* pm0151_00_Iris1Id.png */,
				A7E4B6A7292D00F800F81662 /* pm0151_00_Iris2.png */,
				A7E4B6AA292D00F800F81662 /* pm0151_00_Mouth1.png */,
				A7E4B6A4292D00F800F81662 /* pm0151_00_Mouth1Id.png */,
				A7E4B69D292D00F800F81662 /* pm0151_00_Mouth2.png */,
				A7E4B6A3292D00F800F81662 /* pm0151_00_MouthNor.png */,
			);
			path = Mew;
			sourceTree = "<group>";
		};
		A7E4B6BF292D086100F81662 /* Entei */ = {
			isa = PBXGroup;
			children = (
				A7E4B6F8292D097400F81662 /* pm0244_00_BodyA1.png */,
				A7E4B6FE292D097500F81662 /* pm0244_00_BodyA1Id.png */,
				A7E4B6FF292D097500F81662 /* pm0244_00_BodyA2.png */,
				A7E4B6F6292D097400F81662 /* pm0244_00_BodyANor.png */,
				A7E4B6F9292D097400F81662 /* pm0244_00_BodyB1.png */,
				A7E4B702292D097500F81662 /* pm0244_00_BodyB1Id.png */,
				A7E4B6FB292D097400F81662 /* pm0244_00_BodyB2.png */,
				A7E4B6FC292D097400F81662 /* pm0244_00_BodyBNor.png */,
				A7E4B6FA292D097400F81662 /* pm0244_00_BodyBNutrey_Env.png */,
				A7E4B701292D097500F81662 /* pm0244_00_Eye1.png */,
				A7E4B700292D097500F81662 /* pm0244_00_Eye1Id.png */,
				A7E4B6FD292D097400F81662 /* pm0244_00_Eye2.png */,
				A7E4B6F7292D097400F81662 /* pm0244_00_EyeNor.png */,
				A7E4B6F4292D096A00F81662 /* Entei_ColladaMax.DAE */,
				A7E4B710292D099000F81662 /* entei.scn */,
			);
			path = Entei;
			sourceTree = "<group>";
		};
		A7E4B6C0292D087000F81662 /* Suicune */ = {
			isa = PBXGroup;
			children = (
				A7E4B6C9292D08AF00F81662 /* BodyA1_0.png */,
				A7E4B6CB292D08AF00F81662 /* BodyB1_0.png */,
				A7E4B6C4292D08AE00F81662 /* Eye1_0.png */,
				A7E4B6C7292D08AE00F81662 /* pm0245_00_BodyA2.png */,
				A7E4B6C5292D08AE00F81662 /* pm0245_00_BodyANor.png */,
				A7E4B6C6292D08AE00F81662 /* pm0245_00_BodyB2.png */,
				A7E4B6C8292D08AE00F81662 /* pm0245_00_BodyBNor.png */,
				A7E4B6CC292D08AF00F81662 /* pm0245_00_Eye2.png */,
				A7E4B6CA292D08AF00F81662 /* pm0245_00_EyeNor.png */,
				A7E4B6C2292D08A500F81662 /* suicune.dae */,
				A7E4B6D8292D090200F81662 /* suicune.scn */,
			);
			path = Suicune;
			sourceTree = "<group>";
		};
		A7E4B6C1292D087500F81662 /* Raikou */ = {
			isa = PBXGroup;
			children = (
				A7E4B6E3292D095400F81662 /* pm0243_00_BodyA1.png */,
				A7E4B6DF292D095400F81662 /* pm0243_00_BodyA1Id.png */,
				A7E4B6E7292D095500F81662 /* pm0243_00_BodyA2.png */,
				A7E4B6DD292D095400F81662 /* pm0243_00_BodyANor.png */,
				A7E4B6E0292D095400F81662 /* pm0243_00_BodyB1.png */,
				A7E4B6E1292D095400F81662 /* pm0243_00_BodyB1Id.png */,
				A7E4B6DC292D095400F81662 /* pm0243_00_BodyB2.png */,
				A7E4B6E2292D095400F81662 /* pm0243_00_BodyBNor.png */,
				A7E4B6E4292D095400F81662 /* pm0243_00_Eye1.png */,
				A7E4B6E5292D095500F81662 /* pm0243_00_Eye1Id.png */,
				A7E4B6DE292D095400F81662 /* pm0243_00_Eye2.png */,
				A7E4B6E6292D095500F81662 /* pm0243_00_EyeNor.png */,
				A7E4B6DA292D094900F81662 /* Raikou_ColladaMax.DAE */,
				A7E4B712292D099A00F81662 /* raikou.scn */,
			);
			path = Raikou;
			sourceTree = "<group>";
		};
		A7E4B714292D0D8900F81662 /* Oh-Oh */ = {
			isa = PBXGroup;
			children = (
				A7E4B715292D0DBE00F81662 /* Ho-Oh_ColladaMax.DAE */,
				A7E4B737292D0DDD00F81662 /* Ho-Oh.scn */,
				A7E4B724292D0DC700F81662 /* pm0250_00_BodyA1.png */,
				A7E4B718292D0DC600F81662 /* pm0250_00_BodyA1Id.png */,
				A7E4B71D292D0DC600F81662 /* pm0250_00_BodyA2.png */,
				A7E4B71C292D0DC600F81662 /* pm0250_00_BodyANor.png */,
				A7E4B71E292D0DC600F81662 /* pm0250_00_BodyB1.png */,
				A7E4B725292D0DC700F81662 /* pm0250_00_BodyB1Id.png */,
				A7E4B71F292D0DC600F81662 /* pm0250_00_BodyB2.png */,
				A7E4B723292D0DC700F81662 /* pm0250_00_BodyBNor.png */,
				A7E4B71B292D0DC600F81662 /* pm0250_00_BodyC1.png */,
				A7E4B720292D0DC600F81662 /* pm0250_00_BodyC1Id.png */,
				A7E4B71A292D0DC600F81662 /* pm0250_00_BodyC2.png */,
				A7E4B726292D0DC700F81662 /* pm0250_00_BodyCNor.png */,
				A7E4B719292D0DC600F81662 /* pm0250_00_Eye1.png */,
				A7E4B721292D0DC600F81662 /* pm0250_00_Eye1Id.png */,
				A7E4B722292D0DC700F81662 /* pm0250_00_Eye2.png */,
				A7E4B717292D0DC600F81662 /* pm0250_00_EyeNor.png */,
			);
			path = "Oh-Oh";
			sourceTree = "<group>";
		};
/* End PBXGroup section */

/* Begin PBXNativeTarget section */
		A765C0E82923E31B00CA85C8 /* ikea */ = {
			isa = PBXNativeTarget;
			buildConfigurationList = A765C10D2923E31C00CA85C8 /* Build configuration list for PBXNativeTarget "ikea" */;
			buildPhases = (
				A765C0E52923E31B00CA85C8 /* Sources */,
				A765C0E62923E31B00CA85C8 /* Frameworks */,
				A765C0E72923E31B00CA85C8 /* Resources */,
			);
			buildRules = (
			);
			dependencies = (
			);
			name = ikea;
			packageProductDependencies = (
				A7AAD1262925408700FDBCD0 /* CodeScanner */,
			);
			productName = ikea;
			productReference = A765C0E92923E31B00CA85C8 /* ikea.app */;
			productType = "com.apple.product-type.application";
		};
		A765C0F82923E31C00CA85C8 /* ikeaTests */ = {
			isa = PBXNativeTarget;
			buildConfigurationList = A765C1102923E31C00CA85C8 /* Build configuration list for PBXNativeTarget "ikeaTests" */;
			buildPhases = (
				A765C0F52923E31C00CA85C8 /* Sources */,
				A765C0F62923E31C00CA85C8 /* Frameworks */,
				A765C0F72923E31C00CA85C8 /* Resources */,
			);
			buildRules = (
			);
			dependencies = (
				A765C0FB2923E31C00CA85C8 /* PBXTargetDependency */,
			);
			name = ikeaTests;
			productName = ikeaTests;
			productReference = A765C0F92923E31C00CA85C8 /* ikeaTests.xctest */;
			productType = "com.apple.product-type.bundle.unit-test";
		};
		A765C1022923E31C00CA85C8 /* ikeaUITests */ = {
			isa = PBXNativeTarget;
			buildConfigurationList = A765C1132923E31C00CA85C8 /* Build configuration list for PBXNativeTarget "ikeaUITests" */;
			buildPhases = (
				A765C0FF2923E31C00CA85C8 /* Sources */,
				A765C1002923E31C00CA85C8 /* Frameworks */,
				A765C1012923E31C00CA85C8 /* Resources */,
			);
			buildRules = (
			);
			dependencies = (
				A765C1052923E31C00CA85C8 /* PBXTargetDependency */,
			);
			name = ikeaUITests;
			productName = ikeaUITests;
			productReference = A765C1032923E31C00CA85C8 /* ikeaUITests.xctest */;
			productType = "com.apple.product-type.bundle.ui-testing";
		};
/* End PBXNativeTarget section */

/* Begin PBXProject section */
		A765C0E12923E31B00CA85C8 /* Project object */ = {
			isa = PBXProject;
			attributes = {
				BuildIndependentTargetsInParallel = 1;
				LastSwiftUpdateCheck = 1400;
				LastUpgradeCheck = 1400;
				TargetAttributes = {
					A765C0E82923E31B00CA85C8 = {
						CreatedOnToolsVersion = 14.0;
					};
					A765C0F82923E31C00CA85C8 = {
						CreatedOnToolsVersion = 14.0;
						TestTargetID = A765C0E82923E31B00CA85C8;
					};
					A765C1022923E31C00CA85C8 = {
						CreatedOnToolsVersion = 14.0;
						TestTargetID = A765C0E82923E31B00CA85C8;
					};
				};
			};
			buildConfigurationList = A765C0E42923E31B00CA85C8 /* Build configuration list for PBXProject "ikea" */;
			compatibilityVersion = "Xcode 14.0";
			developmentRegion = en;
			hasScannedForEncodings = 0;
			knownRegions = (
				en,
				Base,
			);
			mainGroup = A765C0E02923E31B00CA85C8;
			packageReferences = (
				A7AAD1252925408700FDBCD0 /* XCRemoteSwiftPackageReference "CodeScanner" */,
			);
			productRefGroup = A765C0EA2923E31B00CA85C8 /* Products */;
			projectDirPath = "";
			projectRoot = "";
			targets = (
				A765C0E82923E31B00CA85C8 /* ikea */,
				A765C0F82923E31C00CA85C8 /* ikeaTests */,
				A765C1022923E31C00CA85C8 /* ikeaUITests */,
			);
		};
/* End PBXProject section */

/* Begin PBXResourcesBuildPhase section */
		A765C0E72923E31B00CA85C8 /* Resources */ = {
			isa = PBXResourcesBuildPhase;
			buildActionMask = 2147483647;
			files = (
				A760C063292CEE2100505EF2 /* pm0249_00_Eye1.png in Resources */,
				A7E4B72C292D0DC700F81662 /* pm0250_00_BodyANor.png in Resources */,
				A7E4B703292D097500F81662 /* pm0244_00_BodyANor.png in Resources */,
				A7E4B6F2292D095500F81662 /* pm0243_00_EyeNor.png in Resources */,
				A7E4B70C292D097500F81662 /* pm0244_00_BodyA2.png in Resources */,
				A760C05D292CEE2100505EF2 /* pm0249_00_Body2.png in Resources */,
				A7E4B704292D097500F81662 /* pm0244_00_EyeNor.png in Resources */,
				A760C06B292CF64C00505EF2 /* Lugia_ColladaMax.usdz in Resources */,
				A7E4B705292D097500F81662 /* pm0244_00_BodyA1.png in Resources */,
				A7E4B707292D097500F81662 /* pm0244_00_BodyBNutrey_Env.png in Resources */,
				A7E4B6CD292D08AF00F81662 /* Eye1_0.png in Resources */,
				A7E4B6EC292D095500F81662 /* pm0243_00_BodyB1.png in Resources */,
				A7B57E80292EB96E0003C09B /* Ho-Oh.m4a in Resources */,
				A7E4B6AD292D00F900F81662 /* pm0151_00_Eye2.png in Resources */,
				A7E4B72A292D0DC700F81662 /* pm0250_00_BodyC2.png in Resources */,
				A7B57E7C292EB95E0003C09B /* entei.m4a in Resources */,
				A7E4B731292D0DC700F81662 /* pm0250_00_Eye1Id.png in Resources */,
				A7E4B6B7292D00F900F81662 /* pm0151_00_Body2.png in Resources */,
				A760C051292CEE0D00505EF2 /* Lugia_OpenCollada.DAE in Resources */,
				A7E4B6D3292D08AF00F81662 /* pm0245_00_EyeNor.png in Resources */,
				A7E4B706292D097500F81662 /* pm0244_00_BodyB1.png in Resources */,
				A7E4B736292D0DC700F81662 /* pm0250_00_BodyCNor.png in Resources */,
				A760C05B292CEE2100505EF2 /* pm0249_00_Eye1Id.png in Resources */,
				A760C060292CEE2100505EF2 /* pm0249_00_BodyNor.png in Resources */,
				A7E4B6AB292D00F900F81662 /* pm0151_00_Body1Id.png in Resources */,
				A7E4B6B0292D00F900F81662 /* pm0151_00_EyeNor_Alpha.png in Resources */,
				A7E4B70A292D097500F81662 /* pm0244_00_Eye2.png in Resources */,
				A7E4B6F0292D095500F81662 /* pm0243_00_Eye1.png in Resources */,
				A7E4B70E292D097500F81662 /* pm0244_00_Eye1.png in Resources */,
				A7B57E82292EB9800003C09B /* Suicune.m4a in Resources */,
				A7E4B6B3292D00F900F81662 /* pm0151_00_Body1.png in Resources */,
				A7B57E79292EB9400003C09B /* Raikou.m4a in Resources */,
				A765C0F42923E31B00CA85C8 /* Preview Assets.xcassets in Resources */,
				A7E4B732292D0DC700F81662 /* pm0250_00_Eye2.png in Resources */,
				A7E4B713292D099A00F81662 /* raikou.scn in Resources */,
				A7E4B6B5292D00F900F81662 /* pm0151_00_MouthNor.png in Resources */,
				A7E4B70D292D097500F81662 /* pm0244_00_Eye1Id.png in Resources */,
				A7E4B72D292D0DC700F81662 /* pm0250_00_BodyA2.png in Resources */,
				A7E4B6F5292D096A00F81662 /* Entei_ColladaMax.DAE in Resources */,
				A7E4B72F292D0DC700F81662 /* pm0250_00_BodyB2.png in Resources */,
				A7E4B70F292D097500F81662 /* pm0244_00_BodyB1Id.png in Resources */,
				A7E4B708292D097500F81662 /* pm0244_00_BodyB2.png in Resources */,
				A760C05C292CEE2100505EF2 /* pm0249_00_EyeNor.png in Resources */,
				A7E4B730292D0DC700F81662 /* pm0250_00_BodyC1Id.png in Resources */,
				A7E4B6EA292D095500F81662 /* pm0243_00_Eye2.png in Resources */,
				A7E4B6EE292D095500F81662 /* pm0243_00_BodyBNor.png in Resources */,
				A7E4B6B2292D00F900F81662 /* pm0151_00_Eye1.png in Resources */,
				A7E4B6C3292D08A500F81662 /* suicune.dae in Resources */,
				A7E4B716292D0DBE00F81662 /* Ho-Oh_ColladaMax.DAE in Resources */,
				A7E4B6BE292D015900F81662 /* Mew_ColladaMax.scn in Resources */,
				A7E4B72B292D0DC700F81662 /* pm0250_00_BodyC1.png in Resources */,
				A7E4B6BC292D00F900F81662 /* pm0151_00_Mouth1.png in Resources */,
				A7E4B727292D0DC700F81662 /* pm0250_00_EyeNor.png in Resources */,
				A7E4B70B292D097500F81662 /* pm0244_00_BodyA1Id.png in Resources */,
				A7E4B6E9292D095500F81662 /* pm0243_00_BodyANor.png in Resources */,
				A7B57E7E292EB9650003C09B /* Mew.m4a in Resources */,
				A7E4B6ED292D095500F81662 /* pm0243_00_BodyB1Id.png in Resources */,
				A7E4B6DB292D094900F81662 /* Raikou_ColladaMax.DAE in Resources */,
				A7E4B735292D0DC700F81662 /* pm0250_00_BodyB1Id.png in Resources */,
				A7E4B6CE292D08AF00F81662 /* pm0245_00_BodyANor.png in Resources */,
				A7E4B6D9292D090200F81662 /* suicune.scn in Resources */,
				A7E4B729292D0DC700F81662 /* pm0250_00_Eye1.png in Resources */,
				A7E4B6B1292D00F900F81662 /* pm0151_00_EyeNor.png in Resources */,
				A7E4B6AF292D00F900F81662 /* pm0151_00_Mouth2.png in Resources */,
				A7E4B734292D0DC700F81662 /* pm0250_00_BodyA1.png in Resources */,
				A7E4B6D0292D08AF00F81662 /* pm0245_00_BodyA2.png in Resources */,
				A7E4B72E292D0DC700F81662 /* pm0250_00_BodyB1.png in Resources */,
				A7E4B698292D00EC00F81662 /* Mew_ColladaMax.DAE in Resources */,
				A7E4B709292D097500F81662 /* pm0244_00_BodyBNor.png in Resources */,
				A760C061292CEE2100505EF2 /* pm0249_00_Eye2.png in Resources */,
				A7E4B6EB292D095500F81662 /* pm0243_00_BodyA1Id.png in Resources */,
				A760C05F292CEE2100505EF2 /* pm0249_00_BodyNor_Alpha.png in Resources */,
				A7E4B733292D0DC700F81662 /* pm0250_00_BodyBNor.png in Resources */,
				A7E4B6E8292D095500F81662 /* pm0243_00_BodyB2.png in Resources */,
				A765C0F12923E31B00CA85C8 /* Assets.xcassets in Resources */,
				A7E4B6D5292D08AF00F81662 /* pm0245_00_Eye2.png in Resources */,
				A7E4B711292D099000F81662 /* entei.scn in Resources */,
				A7E4B6BA292D00F900F81662 /* pm0151_00_Eye1_Merged.png in Resources */,
				A7E4B6B9292D00F900F81662 /* pm0151_00_Iris2.png in Resources */,
				A7E4B694292CFFDD00F81662 /* Lugia_ColladaMax.scn in Resources */,
				A7E4B6AE292D00F900F81662 /* pm0151_00_BodyNor.png in Resources */,
				A7E4B6CF292D08AF00F81662 /* pm0245_00_BodyB2.png in Resources */,
				A7E4B6B6292D00F900F81662 /* pm0151_00_Mouth1Id.png in Resources */,
				A7E4B728292D0DC700F81662 /* pm0250_00_BodyA1Id.png in Resources */,
				A7E4B6B8292D00F900F81662 /* pm0151_00_Eye1Id.png in Resources */,
				A7E4B6D2292D08AF00F81662 /* BodyA1_0.png in Resources */,
				A7E4B6AC292D00F900F81662 /* pm0151_00_BodyNor_Alpha.png in Resources */,
				A7E4B6D1292D08AF00F81662 /* pm0245_00_BodyBNor.png in Resources */,
				A7E4B738292D0DDD00F81662 /* Ho-Oh.scn in Resources */,
				A7E4B6B4292D00F900F81662 /* pm0151_00_Iris1.png in Resources */,
				A760C04F292CEDFF00505EF2 /* Lugia_ColladaMax.DAE in Resources */,
				A760C062292CEE2100505EF2 /* pm0249_00_Body1Id.png in Resources */,
				A7E4B6BB292D00F900F81662 /* pm0151_00_Iris1Id.png in Resources */,
				A760C05E292CEE2100505EF2 /* pm0249_00_Body1.png in Resources */,
				A7E4B6EF292D095500F81662 /* pm0243_00_BodyA1.png in Resources */,
				A7E4B6F3292D095500F81662 /* pm0243_00_BodyA2.png in Resources */,
				A7E4B6F1292D095500F81662 /* pm0243_00_Eye1Id.png in Resources */,
				A7E4B6D4292D08AF00F81662 /* BodyB1_0.png in Resources */,
				A7A2A2E7292E2E6000F4DBB2 /* lugia.m4a in Resources */,
			);
			runOnlyForDeploymentPostprocessing = 0;
		};
		A765C0F72923E31C00CA85C8 /* Resources */ = {
			isa = PBXResourcesBuildPhase;
			buildActionMask = 2147483647;
			files = (
				A7AAD128292655E700FDBCD0 /* Assets.xcassets in Resources */,
			);
			runOnlyForDeploymentPostprocessing = 0;
		};
		A765C1012923E31C00CA85C8 /* Resources */ = {
			isa = PBXResourcesBuildPhase;
			buildActionMask = 2147483647;
			files = (
				A7AAD129292655E800FDBCD0 /* Assets.xcassets in Resources */,
			);
			runOnlyForDeploymentPostprocessing = 0;
		};
/* End PBXResourcesBuildPhase section */

/* Begin PBXSourcesBuildPhase section */
		A765C0E52923E31B00CA85C8 /* Sources */ = {
			isa = PBXSourcesBuildPhase;
			buildActionMask = 2147483647;
			files = (
				A7BEF244292810D50007C710 /* PopupView.swift in Sources */,
				A765C11B2923EE1F00CA85C8 /* SplashScreen.swift in Sources */,
				A760C067292CF4E700505EF2 /* 3dView.swift in Sources */,
				A7AAD11D29244FB600FDBCD0 /* SettingStore.swift in Sources */,
				A765C1192923E3FB00CA85C8 /* SettingView.swift in Sources */,
				A765C0EF2923E31B00CA85C8 /* ContentView.swift in Sources */,
				A7AAD1342926CA1D00FDBCD0 /* IkeaModel.swift in Sources */,
				A765C0ED2923E31B00CA85C8 /* ikeaApp.swift in Sources */,
				A7AAD12E2926ABB100FDBCD0 /* Database.swift in Sources */,
				A7AAD12C2926ABA700FDBCD0 /* Product.swift in Sources */,
			);
			runOnlyForDeploymentPostprocessing = 0;
		};
		A765C0F52923E31C00CA85C8 /* Sources */ = {
			isa = PBXSourcesBuildPhase;
			buildActionMask = 2147483647;
			files = (
				A765C0FE2923E31C00CA85C8 /* ikeaTests.swift in Sources */,
			);
			runOnlyForDeploymentPostprocessing = 0;
		};
		A765C0FF2923E31C00CA85C8 /* Sources */ = {
			isa = PBXSourcesBuildPhase;
			buildActionMask = 2147483647;
			files = (
				A765C10A2923E31C00CA85C8 /* ikeaUITestsLaunchTests.swift in Sources */,
				A765C1082923E31C00CA85C8 /* ikeaUITests.swift in Sources */,
			);
			runOnlyForDeploymentPostprocessing = 0;
		};
/* End PBXSourcesBuildPhase section */

/* Begin PBXTargetDependency section */
		A765C0FB2923E31C00CA85C8 /* PBXTargetDependency */ = {
			isa = PBXTargetDependency;
			target = A765C0E82923E31B00CA85C8 /* ikea */;
			targetProxy = A765C0FA2923E31C00CA85C8 /* PBXContainerItemProxy */;
		};
		A765C1052923E31C00CA85C8 /* PBXTargetDependency */ = {
			isa = PBXTargetDependency;
			target = A765C0E82923E31B00CA85C8 /* ikea */;
			targetProxy = A765C1042923E31C00CA85C8 /* PBXContainerItemProxy */;
		};
/* End PBXTargetDependency section */

/* Begin XCBuildConfiguration section */
		A765C10B2923E31C00CA85C8 /* Debug */ = {
			isa = XCBuildConfiguration;
			buildSettings = {
				ALWAYS_SEARCH_USER_PATHS = NO;
				CLANG_ANALYZER_NONNULL = YES;
				CLANG_ANALYZER_NUMBER_OBJECT_CONVERSION = YES_AGGRESSIVE;
				CLANG_CXX_LANGUAGE_STANDARD = "gnu++20";
				CLANG_ENABLE_MODULES = YES;
				CLANG_ENABLE_OBJC_ARC = YES;
				CLANG_ENABLE_OBJC_WEAK = YES;
				CLANG_WARN_BLOCK_CAPTURE_AUTORELEASING = YES;
				CLANG_WARN_BOOL_CONVERSION = YES;
				CLANG_WARN_COMMA = YES;
				CLANG_WARN_CONSTANT_CONVERSION = YES;
				CLANG_WARN_DEPRECATED_OBJC_IMPLEMENTATIONS = YES;
				CLANG_WARN_DIRECT_OBJC_ISA_USAGE = YES_ERROR;
				CLANG_WARN_DOCUMENTATION_COMMENTS = YES;
				CLANG_WARN_EMPTY_BODY = YES;
				CLANG_WARN_ENUM_CONVERSION = YES;
				CLANG_WARN_INFINITE_RECURSION = YES;
				CLANG_WARN_INT_CONVERSION = YES;
				CLANG_WARN_NON_LITERAL_NULL_CONVERSION = YES;
				CLANG_WARN_OBJC_IMPLICIT_RETAIN_SELF = YES;
				CLANG_WARN_OBJC_LITERAL_CONVERSION = YES;
				CLANG_WARN_OBJC_ROOT_CLASS = YES_ERROR;
				CLANG_WARN_QUOTED_INCLUDE_IN_FRAMEWORK_HEADER = YES;
				CLANG_WARN_RANGE_LOOP_ANALYSIS = YES;
				CLANG_WARN_STRICT_PROTOTYPES = YES;
				CLANG_WARN_SUSPICIOUS_MOVE = YES;
				CLANG_WARN_UNGUARDED_AVAILABILITY = YES_AGGRESSIVE;
				CLANG_WARN_UNREACHABLE_CODE = YES;
				CLANG_WARN__DUPLICATE_METHOD_MATCH = YES;
				COPY_PHASE_STRIP = NO;
				DEBUG_INFORMATION_FORMAT = dwarf;
				ENABLE_STRICT_OBJC_MSGSEND = YES;
				ENABLE_TESTABILITY = YES;
				GCC_C_LANGUAGE_STANDARD = gnu11;
				GCC_DYNAMIC_NO_PIC = NO;
				GCC_NO_COMMON_BLOCKS = YES;
				GCC_OPTIMIZATION_LEVEL = 0;
				GCC_PREPROCESSOR_DEFINITIONS = (
					"DEBUG=1",
					"$(inherited)",
				);
				GCC_WARN_64_TO_32_BIT_CONVERSION = YES;
				GCC_WARN_ABOUT_RETURN_TYPE = YES_ERROR;
				GCC_WARN_UNDECLARED_SELECTOR = YES;
				GCC_WARN_UNINITIALIZED_AUTOS = YES_AGGRESSIVE;
				GCC_WARN_UNUSED_FUNCTION = YES;
				GCC_WARN_UNUSED_VARIABLE = YES;
				IPHONEOS_DEPLOYMENT_TARGET = 16.0;
				MTL_ENABLE_DEBUG_INFO = INCLUDE_SOURCE;
				MTL_FAST_MATH = YES;
				ONLY_ACTIVE_ARCH = YES;
				SDKROOT = iphoneos;
				SWIFT_ACTIVE_COMPILATION_CONDITIONS = DEBUG;
				SWIFT_OPTIMIZATION_LEVEL = "-Onone";
			};
			name = Debug;
		};
		A765C10C2923E31C00CA85C8 /* Release */ = {
			isa = XCBuildConfiguration;
			buildSettings = {
				ALWAYS_SEARCH_USER_PATHS = NO;
				CLANG_ANALYZER_NONNULL = YES;
				CLANG_ANALYZER_NUMBER_OBJECT_CONVERSION = YES_AGGRESSIVE;
				CLANG_CXX_LANGUAGE_STANDARD = "gnu++20";
				CLANG_ENABLE_MODULES = YES;
				CLANG_ENABLE_OBJC_ARC = YES;
				CLANG_ENABLE_OBJC_WEAK = YES;
				CLANG_WARN_BLOCK_CAPTURE_AUTORELEASING = YES;
				CLANG_WARN_BOOL_CONVERSION = YES;
				CLANG_WARN_COMMA = YES;
				CLANG_WARN_CONSTANT_CONVERSION = YES;
				CLANG_WARN_DEPRECATED_OBJC_IMPLEMENTATIONS = YES;
				CLANG_WARN_DIRECT_OBJC_ISA_USAGE = YES_ERROR;
				CLANG_WARN_DOCUMENTATION_COMMENTS = YES;
				CLANG_WARN_EMPTY_BODY = YES;
				CLANG_WARN_ENUM_CONVERSION = YES;
				CLANG_WARN_INFINITE_RECURSION = YES;
				CLANG_WARN_INT_CONVERSION = YES;
				CLANG_WARN_NON_LITERAL_NULL_CONVERSION = YES;
				CLANG_WARN_OBJC_IMPLICIT_RETAIN_SELF = YES;
				CLANG_WARN_OBJC_LITERAL_CONVERSION = YES;
				CLANG_WARN_OBJC_ROOT_CLASS = YES_ERROR;
				CLANG_WARN_QUOTED_INCLUDE_IN_FRAMEWORK_HEADER = YES;
				CLANG_WARN_RANGE_LOOP_ANALYSIS = YES;
				CLANG_WARN_STRICT_PROTOTYPES = YES;
				CLANG_WARN_SUSPICIOUS_MOVE = YES;
				CLANG_WARN_UNGUARDED_AVAILABILITY = YES_AGGRESSIVE;
				CLANG_WARN_UNREACHABLE_CODE = YES;
				CLANG_WARN__DUPLICATE_METHOD_MATCH = YES;
				COPY_PHASE_STRIP = NO;
				DEBUG_INFORMATION_FORMAT = "dwarf-with-dsym";
				ENABLE_NS_ASSERTIONS = NO;
				ENABLE_STRICT_OBJC_MSGSEND = YES;
				GCC_C_LANGUAGE_STANDARD = gnu11;
				GCC_NO_COMMON_BLOCKS = YES;
				GCC_WARN_64_TO_32_BIT_CONVERSION = YES;
				GCC_WARN_ABOUT_RETURN_TYPE = YES_ERROR;
				GCC_WARN_UNDECLARED_SELECTOR = YES;
				GCC_WARN_UNINITIALIZED_AUTOS = YES_AGGRESSIVE;
				GCC_WARN_UNUSED_FUNCTION = YES;
				GCC_WARN_UNUSED_VARIABLE = YES;
				IPHONEOS_DEPLOYMENT_TARGET = 16.0;
				MTL_ENABLE_DEBUG_INFO = NO;
				MTL_FAST_MATH = YES;
				SDKROOT = iphoneos;
				SWIFT_COMPILATION_MODE = wholemodule;
				SWIFT_OPTIMIZATION_LEVEL = "-O";
				VALIDATE_PRODUCT = YES;
			};
			name = Release;
		};
		A765C10E2923E31C00CA85C8 /* Debug */ = {
			isa = XCBuildConfiguration;
			buildSettings = {
				ASSETCATALOG_COMPILER_APPICON_NAME = AppIcon;
				ASSETCATALOG_COMPILER_GLOBAL_ACCENT_COLOR_NAME = AccentColor;
				CODE_SIGN_STYLE = Automatic;
				CURRENT_PROJECT_VERSION = 1;
				DEVELOPMENT_ASSET_PATHS = "\"ikea/Preview Content\"";
				DEVELOPMENT_TEAM = U2Y4UHZS79;
				ENABLE_PREVIEWS = YES;
				GENERATE_INFOPLIST_FILE = YES;
				INFOPLIST_FILE = ikea/Info.plist;
				INFOPLIST_KEY_NSCameraUsageDescription = "We need the camera to scan QRcode";
				INFOPLIST_KEY_UIApplicationSceneManifest_Generation = YES;
				INFOPLIST_KEY_UIApplicationSupportsIndirectInputEvents = YES;
				INFOPLIST_KEY_UILaunchScreen_Generation = YES;
				INFOPLIST_KEY_UISupportedInterfaceOrientations_iPad = "UIInterfaceOrientationPortrait UIInterfaceOrientationPortraitUpsideDown UIInterfaceOrientationLandscapeLeft UIInterfaceOrientationLandscapeRight";
				INFOPLIST_KEY_UISupportedInterfaceOrientations_iPhone = "UIInterfaceOrientationPortrait UIInterfaceOrientationLandscapeLeft UIInterfaceOrientationLandscapeRight";
				LD_RUNPATH_SEARCH_PATHS = (
					"$(inherited)",
					"@executable_path/Frameworks",
				);
				MARKETING_VERSION = 1.0;
				PRODUCT_BUNDLE_IDENTIFIER = ds.ikea;
				PRODUCT_NAME = "$(TARGET_NAME)";
				SWIFT_EMIT_LOC_STRINGS = YES;
				SWIFT_VERSION = 5.0;
				TARGETED_DEVICE_FAMILY = "1,2";
			};
			name = Debug;
		};
		A765C10F2923E31C00CA85C8 /* Release */ = {
			isa = XCBuildConfiguration;
			buildSettings = {
				ASSETCATALOG_COMPILER_APPICON_NAME = AppIcon;
				ASSETCATALOG_COMPILER_GLOBAL_ACCENT_COLOR_NAME = AccentColor;
				CODE_SIGN_STYLE = Automatic;
				CURRENT_PROJECT_VERSION = 1;
				DEVELOPMENT_ASSET_PATHS = "\"ikea/Preview Content\"";
				DEVELOPMENT_TEAM = U2Y4UHZS79;
				ENABLE_PREVIEWS = YES;
				GENERATE_INFOPLIST_FILE = YES;
				INFOPLIST_FILE = ikea/Info.plist;
				INFOPLIST_KEY_NSCameraUsageDescription = "We need the camera to scan QRcode";
				INFOPLIST_KEY_UIApplicationSceneManifest_Generation = YES;
				INFOPLIST_KEY_UIApplicationSupportsIndirectInputEvents = YES;
				INFOPLIST_KEY_UILaunchScreen_Generation = YES;
				INFOPLIST_KEY_UISupportedInterfaceOrientations_iPad = "UIInterfaceOrientationPortrait UIInterfaceOrientationPortraitUpsideDown UIInterfaceOrientationLandscapeLeft UIInterfaceOrientationLandscapeRight";
				INFOPLIST_KEY_UISupportedInterfaceOrientations_iPhone = "UIInterfaceOrientationPortrait UIInterfaceOrientationLandscapeLeft UIInterfaceOrientationLandscapeRight";
				LD_RUNPATH_SEARCH_PATHS = (
					"$(inherited)",
					"@executable_path/Frameworks",
				);
				MARKETING_VERSION = 1.0;
				PRODUCT_BUNDLE_IDENTIFIER = ds.ikea;
				PRODUCT_NAME = "$(TARGET_NAME)";
				SWIFT_EMIT_LOC_STRINGS = YES;
				SWIFT_VERSION = 5.0;
				TARGETED_DEVICE_FAMILY = "1,2";
			};
			name = Release;
		};
		A765C1112923E31C00CA85C8 /* Debug */ = {
			isa = XCBuildConfiguration;
			buildSettings = {
				ALWAYS_EMBED_SWIFT_STANDARD_LIBRARIES = YES;
				BUNDLE_LOADER = "$(TEST_HOST)";
				CODE_SIGN_STYLE = Automatic;
				CURRENT_PROJECT_VERSION = 1;
				GENERATE_INFOPLIST_FILE = YES;
				IPHONEOS_DEPLOYMENT_TARGET = 16.0;
				MARKETING_VERSION = 1.0;
				PRODUCT_BUNDLE_IDENTIFIER = ds.ikeaTests;
				PRODUCT_NAME = "$(TARGET_NAME)";
				SWIFT_EMIT_LOC_STRINGS = NO;
				SWIFT_VERSION = 5.0;
				TARGETED_DEVICE_FAMILY = "1,2";
				TEST_HOST = "$(BUILT_PRODUCTS_DIR)/ikea.app/$(BUNDLE_EXECUTABLE_FOLDER_PATH)/ikea";
			};
			name = Debug;
		};
		A765C1122923E31C00CA85C8 /* Release */ = {
			isa = XCBuildConfiguration;
			buildSettings = {
				ALWAYS_EMBED_SWIFT_STANDARD_LIBRARIES = YES;
				BUNDLE_LOADER = "$(TEST_HOST)";
				CODE_SIGN_STYLE = Automatic;
				CURRENT_PROJECT_VERSION = 1;
				GENERATE_INFOPLIST_FILE = YES;
				IPHONEOS_DEPLOYMENT_TARGET = 16.0;
				MARKETING_VERSION = 1.0;
				PRODUCT_BUNDLE_IDENTIFIER = ds.ikeaTests;
				PRODUCT_NAME = "$(TARGET_NAME)";
				SWIFT_EMIT_LOC_STRINGS = NO;
				SWIFT_VERSION = 5.0;
				TARGETED_DEVICE_FAMILY = "1,2";
				TEST_HOST = "$(BUILT_PRODUCTS_DIR)/ikea.app/$(BUNDLE_EXECUTABLE_FOLDER_PATH)/ikea";
			};
			name = Release;
		};
		A765C1142923E31C00CA85C8 /* Debug */ = {
			isa = XCBuildConfiguration;
			buildSettings = {
				ALWAYS_EMBED_SWIFT_STANDARD_LIBRARIES = YES;
				CODE_SIGN_STYLE = Automatic;
				CURRENT_PROJECT_VERSION = 1;
				GENERATE_INFOPLIST_FILE = YES;
				MARKETING_VERSION = 1.0;
				PRODUCT_BUNDLE_IDENTIFIER = ds.ikeaUITests;
				PRODUCT_NAME = "$(TARGET_NAME)";
				SWIFT_EMIT_LOC_STRINGS = NO;
				SWIFT_VERSION = 5.0;
				TARGETED_DEVICE_FAMILY = "1,2";
				TEST_TARGET_NAME = ikea;
			};
			name = Debug;
		};
		A765C1152923E31C00CA85C8 /* Release */ = {
			isa = XCBuildConfiguration;
			buildSettings = {
				ALWAYS_EMBED_SWIFT_STANDARD_LIBRARIES = YES;
				CODE_SIGN_STYLE = Automatic;
				CURRENT_PROJECT_VERSION = 1;
				GENERATE_INFOPLIST_FILE = YES;
				MARKETING_VERSION = 1.0;
				PRODUCT_BUNDLE_IDENTIFIER = ds.ikeaUITests;
				PRODUCT_NAME = "$(TARGET_NAME)";
				SWIFT_EMIT_LOC_STRINGS = NO;
				SWIFT_VERSION = 5.0;
				TARGETED_DEVICE_FAMILY = "1,2";
				TEST_TARGET_NAME = ikea;
			};
			name = Release;
		};
/* End XCBuildConfiguration section */

/* Begin XCConfigurationList section */
		A765C0E42923E31B00CA85C8 /* Build configuration list for PBXProject "ikea" */ = {
			isa = XCConfigurationList;
			buildConfigurations = (
				A765C10B2923E31C00CA85C8 /* Debug */,
				A765C10C2923E31C00CA85C8 /* Release */,
			);
			defaultConfigurationIsVisible = 0;
			defaultConfigurationName = Release;
		};
		A765C10D2923E31C00CA85C8 /* Build configuration list for PBXNativeTarget "ikea" */ = {
			isa = XCConfigurationList;
			buildConfigurations = (
				A765C10E2923E31C00CA85C8 /* Debug */,
				A765C10F2923E31C00CA85C8 /* Release */,
			);
			defaultConfigurationIsVisible = 0;
			defaultConfigurationName = Release;
		};
		A765C1102923E31C00CA85C8 /* Build configuration list for PBXNativeTarget "ikeaTests" */ = {
			isa = XCConfigurationList;
			buildConfigurations = (
				A765C1112923E31C00CA85C8 /* Debug */,
				A765C1122923E31C00CA85C8 /* Release */,
			);
			defaultConfigurationIsVisible = 0;
			defaultConfigurationName = Release;
		};
		A765C1132923E31C00CA85C8 /* Build configuration list for PBXNativeTarget "ikeaUITests" */ = {
			isa = XCConfigurationList;
			buildConfigurations = (
				A765C1142923E31C00CA85C8 /* Debug */,
				A765C1152923E31C00CA85C8 /* Release */,
			);
			defaultConfigurationIsVisible = 0;
			defaultConfigurationName = Release;
		};
/* End XCConfigurationList section */

/* Begin XCRemoteSwiftPackageReference section */
		A7AAD1252925408700FDBCD0 /* XCRemoteSwiftPackageReference "CodeScanner" */ = {
			isa = XCRemoteSwiftPackageReference;
			repositoryURL = "https://github.com/twostraws/CodeScanner";
			requirement = {
				kind = upToNextMajorVersion;
				minimumVersion = 2.0.0;
			};
		};
/* End XCRemoteSwiftPackageReference section */

/* Begin XCSwiftPackageProductDependency section */
		A7AAD1262925408700FDBCD0 /* CodeScanner */ = {
			isa = XCSwiftPackageProductDependency;
			package = A7AAD1252925408700FDBCD0 /* XCRemoteSwiftPackageReference "CodeScanner" */;
			productName = CodeScanner;
		};
/* End XCSwiftPackageProductDependency section */
	};
	rootObject = A765C0E12923E31B00CA85C8 /* Project object */;
}
